// !$*UTF8*$!
{
	archiveVersion = 1;
	classes = {
	};
	objectVersion = 50;
	objects = {

/* Begin PBXBuildFile section */
		FDF9F206246AF30A002166D0 /* AppDelegate.swift in Sources */ = {isa = PBXBuildFile; fileRef = FDF9F205246AF30A002166D0 /* AppDelegate.swift */; };
		FDF9F208246AF30A002166D0 /* SceneDelegate.swift in Sources */ = {isa = PBXBuildFile; fileRef = FDF9F207246AF30A002166D0 /* SceneDelegate.swift */; };
		FDF9F20A246AF30A002166D0 /* ContentView.swift in Sources */ = {isa = PBXBuildFile; fileRef = FDF9F209246AF30A002166D0 /* ContentView.swift */; };
		FDF9F20C246AF30C002166D0 /* Assets.xcassets in Resources */ = {isa = PBXBuildFile; fileRef = FDF9F20B246AF30C002166D0 /* Assets.xcassets */; };
		FDF9F20F246AF30C002166D0 /* Preview Assets.xcassets in Resources */ = {isa = PBXBuildFile; fileRef = FDF9F20E246AF30C002166D0 /* Preview Assets.xcassets */; };
		FDF9F212246AF30C002166D0 /* LaunchScreen.storyboard in Resources */ = {isa = PBXBuildFile; fileRef = FDF9F210246AF30C002166D0 /* LaunchScreen.storyboard */; };
/* End PBXBuildFile section */

/* Begin PBXFileReference section */
		FDF9F202246AF30A002166D0 /* BreathAnimation.app */ = {isa = PBXFileReference; explicitFileType = wrapper.application; includeInIndex = 0; path = BreathAnimation.app; sourceTree = BUILT_PRODUCTS_DIR; };
		FDF9F205246AF30A002166D0 /* AppDelegate.swift */ = {isa = PBXFileReference; lastKnownFileType = sourcecode.swift; path = AppDelegate.swift; sourceTree = "<group>"; };
		FDF9F207246AF30A002166D0 /* SceneDelegate.swift */ = {isa = PBXFileReference; lastKnownFileType = sourcecode.swift; path = SceneDelegate.swift; sourceTree = "<group>"; };
		FDF9F209246AF30A002166D0 /* ContentView.swift */ = {isa = PBXFileReference; lastKnownFileType = sourcecode.swift; path = ContentView.swift; sourceTree = "<group>"; };
		FDF9F20B246AF30C002166D0 /* Assets.xcassets */ = {isa = PBXFileReference; lastKnownFileType = folder.assetcatalog; path = Assets.xcassets; sourceTree = "<group>"; };
		FDF9F20E246AF30C002166D0 /* Preview Assets.xcassets */ = {isa = PBXFileReference; lastKnownFileType = folder.assetcatalog; path = "Preview Assets.xcassets"; sourceTree = "<group>"; };
		FDF9F211246AF30C002166D0 /* Base */ = {isa = PBXFileReference; lastKnownFileType = file.storyboard; name = Base; path = Base.lproj/LaunchScreen.storyboard; sourceTree = "<group>"; };
		FDF9F213246AF30C002166D0 /* Info.plist */ = {isa = PBXFileReference; lastKnownFileType = text.plist.xml; path = Info.plist; sourceTree = "<group>"; };
/* End PBXFileReference section */

/* Begin PBXFrameworksBuildPhase section */
		FDF9F1FF246AF30A002166D0 /* Frameworks */ = {
			isa = PBXFrameworksBuildPhase;
			buildActionMask = 2147483647;
			files = (
			);
			runOnlyForDeploymentPostprocessing = 0;
		};
/* End PBXFrameworksBuildPhase section */

/* Begin PBXGroup section */
		FDF9F1F9246AF30A002166D0 = {
			isa = PBXGroup;
			children = (
				FDF9F204246AF30A002166D0 /* BreathAnimation */,
				FDF9F203246AF30A002166D0 /* Products */,
			);
			sourceTree = "<group>";
		};
		FDF9F203246AF30A002166D0 /* Products */ = {
			isa = PBXGroup;
			children = (
				FDF9F202246AF30A002166D0 /* BreathAnimation.app */,
			);
			name = Products;
			sourceTree = "<group>";
		};
		FDF9F204246AF30A002166D0 /* BreathAnimation */ = {
			isa = PBXGroup;
			children = (
				FDF9F205246AF30A002166D0 /* AppDelegate.swift */,
				FDF9F207246AF30A002166D0 /* SceneDelegate.swift */,
				FDF9F209246AF30A002166D0 /* ContentView.swift */,
				FDF9F20B246AF30C002166D0 /* Assets.xcassets */,
				FDF9F210246AF30C002166D0 /* LaunchScreen.storyboard */,
				FDF9F213246AF30C002166D0 /* Info.plist */,
				FDF9F20D246AF30C002166D0 /* Preview Content */,
			);
			path = BreathAnimation;
			sourceTree = "<group>";
		};
		FDF9F20D246AF30C002166D0 /* Preview Content */ = {
			isa = PBXGroup;
			children = (
				FDF9F20E246AF30C002166D0 /* Preview Assets.xcassets */,
			);
			path = "Preview Content";
			sourceTree = "<group>";
		};
/* End PBXGroup section */

/* Begin PBXNativeTarget section */
		FDF9F201246AF30A002166D0 /* BreathAnimation */ = {
			isa = PBXNativeTarget;
			buildConfigurationList = FDF9F216246AF30C002166D0 /* Build configuration list for PBXNativeTarget "BreathAnimation" */;
			buildPhases = (
				FDF9F1FE246AF30A002166D0 /* Sources */,
				FDF9F1FF246AF30A002166D0 /* Frameworks */,
				FDF9F200246AF30A002166D0 /* Resources */,
			);
			buildRules = (
			);
			dependencies = (
			);
			name = BreathAnimation;
			productName = BreathAnimation;
			productReference = FDF9F202246AF30A002166D0 /* BreathAnimation.app */;
			productType = "com.apple.product-type.application";
		};
/* End PBXNativeTarget section */

/* Begin PBXProject section */
		FDF9F1FA246AF30A002166D0 /* Project object */ = {
			isa = PBXProject;
			attributes = {
				LastSwiftUpdateCheck = 1140;
				LastUpgradeCheck = 1140;
				ORGANIZATIONNAME = "Nadzeya Karaban";
				TargetAttributes = {
					FDF9F201246AF30A002166D0 = {
						CreatedOnToolsVersion = 11.4.1;
					};
				};
			};
			buildConfigurationList = FDF9F1FD246AF30A002166D0 /* Build configuration list for PBXProject "BreathAnimation" */;
			compatibilityVersion = "Xcode 9.3";
			developmentRegion = en;
			hasScannedForEncodings = 0;
			knownRegions = (
				en,
				Base,
			);
			mainGroup = FDF9F1F9246AF30A002166D0;
			productRefGroup = FDF9F203246AF30A002166D0 /* Products */;
			projectDirPath = "";
			projectRoot = "";
			targets = (
				FDF9F201246AF30A002166D0 /* BreathAnimation */,
			);
		};
/* End PBXProject section */

/* Begin PBXResourcesBuildPhase section */
		FDF9F200246AF30A002166D0 /* Resources */ = {
			isa = PBXResourcesBuildPhase;
			buildActionMask = 2147483647;
			files = (
				FDF9F212246AF30C002166D0 /* LaunchScreen.storyboard in Resources */,
				FDF9F20F246AF30C002166D0 /* Preview Assets.xcassets in Resources */,
				FDF9F20C246AF30C002166D0 /* Assets.xcassets in Resources */,
			);
			runOnlyForDeploymentPostprocessing = 0;
		};
/* End PBXResourcesBuildPhase section */

/* Begin PBXSourcesBuildPhase section */
		FDF9F1FE246AF30A002166D0 /* Sources */ = {
			isa = PBXSourcesBuildPhase;
			buildActionMask = 2147483647;
			files = (
				FDF9F206246AF30A002166D0 /* AppDelegate.swift in Sources */,
				FDF9F208246AF30A002166D0 /* SceneDelegate.swift in Sources */,
				FDF9F20A246AF30A002166D0 /* ContentView.swift in Sources */,
			);
			runOnlyForDeploymentPostprocessing = 0;
		};
/* End PBXSourcesBuildPhase section */

/* Begin PBXVariantGroup section */
		FDF9F210246AF30C002166D0 /* LaunchScreen.storyboard */ = {
			isa = PBXVariantGroup;
			children = (
				FDF9F211246AF30C002166D0 /* Base */,
			);
			name = LaunchScreen.storyboard;
			sourceTree = "<group>";
		};
/* End PBXVariantGroup section */

/* Begin XCBuildConfiguration section */
		FDF9F214246AF30C002166D0 /* Debug */ = {
			isa = XCBuildConfiguration;
			buildSettings = {
				ALWAYS_SEARCH_USER_PATHS = NO;
				CLANG_ANALYZER_NONNULL = YES;
				CLANG_ANALYZER_NUMBER_OBJECT_CONVERSION = YES_AGGRESSIVE;
				CLANG_CXX_LANGUAGE_STANDARD = "gnu++14";
				CLANG_CXX_LIBRARY = "libc++";
				CLANG_ENABLE_MODULES = YES;
				CLANG_ENABLE_OBJC_ARC = YES;
				CLANG_ENABLE_OBJC_WEAK = YES;
				CLANG_WARN_BLOCK_CAPTURE_AUTORELEASING = YES;
				CLANG_WARN_BOOL_CONVERSION = YES;
				CLANG_WARN_COMMA = YES;
				CLANG_WARN_CONSTANT_CONVERSION = YES;
				CLANG_WARN_DEPRECATED_OBJC_IMPLEMENTATIONS = YES;
				CLANG_WARN_DIRECT_OBJC_ISA_USAGE = YES_ERROR;
				CLANG_WARN_DOCUMENTATION_COMMENTS = YES;
				CLANG_WARN_EMPTY_BODY = YES;
				CLANG_WARN_ENUM_CONVERSION = YES;
				CLANG_WARN_INFINITE_RECURSION = YES;
				CLANG_WARN_INT_CONVERSION = YES;
				CLANG_WARN_NON_LITERAL_NULL_CONVERSION = YES;
				CLANG_WARN_OBJC_IMPLICIT_RETAIN_SELF = YES;
				CLANG_WARN_OBJC_LITERAL_CONVERSION = YES;
				CLANG_WARN_OBJC_ROOT_CLASS = YES_ERROR;
				CLANG_WARN_RANGE_LOOP_ANALYSIS = YES;
				CLANG_WARN_STRICT_PROTOTYPES = YES;
				CLANG_WARN_SUSPICIOUS_MOVE = YES;
				CLANG_WARN_UNGUARDED_AVAILABILITY = YES_AGGRESSIVE;
				CLANG_WARN_UNREACHABLE_CODE = YES;
				CLANG_WARN__DUPLICATE_METHOD_MATCH = YES;
				COPY_PHASE_STRIP = NO;
				DEBUG_INFORMATION_FORMAT = dwarf;
				ENABLE_STRICT_OBJC_MSGSEND = YES;
				ENABLE_TESTABILITY = YES;
				GCC_C_LANGUAGE_STANDARD = gnu11;
				GCC_DYNAMIC_NO_PIC = NO;
				GCC_NO_COMMON_BLOCKS = YES;
				GCC_OPTIMIZATION_LEVEL = 0;
				GCC_PREPROCESSOR_DEFINITIONS = (
					"DEBUG=1",
					"$(inherited)",
				);
				GCC_WARN_64_TO_32_BIT_CONVERSION = YES;
				GCC_WARN_ABOUT_RETURN_TYPE = YES_ERROR;
				GCC_WARN_UNDECLARED_SELECTOR = YES;
				GCC_WARN_UNINITIALIZED_AUTOS = YES_AGGRESSIVE;
				GCC_WARN_UNUSED_FUNCTION = YES;
				GCC_WARN_UNUSED_VARIABLE = YES;
				IPHONEOS_DEPLOYMENT_TARGET = 13.4;
				MTL_ENABLE_DEBUG_INFO = INCLUDE_SOURCE;
				MTL_FAST_MATH = YES;
				ONLY_ACTIVE_ARCH = YES;
				SDKROOT = iphoneos;
				SWIFT_ACTIVE_COMPILATION_CONDITIONS = DEBUG;
				SWIFT_OPTIMIZATION_LEVEL = "-Onone";
			};
			name = Debug;
		};
		FDF9F215246AF30C002166D0 /* Release */ = {
			isa = XCBuildConfiguration;
			buildSettings = {
				ALWAYS_SEARCH_USER_PATHS = NO;
				CLANG_ANALYZER_NONNULL = YES;
				CLANG_ANALYZER_NUMBER_OBJECT_CONVERSION = YES_AGGRESSIVE;
				CLANG_CXX_LANGUAGE_STANDARD = "gnu++14";
				CLANG_CXX_LIBRARY = "libc++";
				CLANG_ENABLE_MODULES = YES;
				CLANG_ENABLE_OBJC_ARC = YES;
				CLANG_ENABLE_OBJC_WEAK = YES;
				CLANG_WARN_BLOCK_CAPTURE_AUTORELEASING = YES;
				CLANG_WARN_BOOL_CONVERSION = YES;
				CLANG_WARN_COMMA = YES;
				CLANG_WARN_CONSTANT_CONVERSION = YES;
				CLANG_WARN_DEPRECATED_OBJC_IMPLEMENTATIONS = YES;
				CLANG_WARN_DIRECT_OBJC_ISA_USAGE = YES_ERROR;
				CLANG_WARN_DOCUMENTATION_COMMENTS = YES;
				CLANG_WARN_EMPTY_BODY = YES;
				CLANG_WARN_ENUM_CONVERSION = YES;
				CLANG_WARN_INFINITE_RECURSION = YES;
				CLANG_WARN_INT_CONVERSION = YES;
				CLANG_WARN_NON_LITERAL_NULL_CONVERSION = YES;
				CLANG_WARN_OBJC_IMPLICIT_RETAIN_SELF = YES;
				CLANG_WARN_OBJC_LITERAL_CONVERSION = YES;
				CLANG_WARN_OBJC_ROOT_CLASS = YES_ERROR;
				CLANG_WARN_RANGE_LOOP_ANALYSIS = YES;
				CLANG_WARN_STRICT_PROTOTYPES = YES;
				CLANG_WARN_SUSPICIOUS_MOVE = YES;
				CLANG_WARN_UNGUARDED_AVAILABILITY = YES_AGGRESSIVE;
				CLANG_WARN_UNREACHABLE_CODE = YES;
				CLANG_WARN__DUPLICATE_METHOD_MATCH = YES;
				COPY_PHASE_STRIP = NO;
				DEBUG_INFORMATION_FORMAT = "dwarf-with-dsym";
				ENABLE_NS_ASSERTIONS = NO;
				ENABLE_STRICT_OBJC_MSGSEND = YES;
				GCC_C_LANGUAGE_STANDARD = gnu11;
				GCC_NO_COMMON_BLOCKS = YES;
				GCC_WARN_64_TO_32_BIT_CONVERSION = YES;
				GCC_WARN_ABOUT_RETURN_TYPE = YES_ERROR;
				GCC_WARN_UNDECLARED_SELECTOR = YES;
				GCC_WARN_UNINITIALIZED_AUTOS = YES_AGGRESSIVE;
				GCC_WARN_UNUSED_FUNCTION = YES;
				GCC_WARN_UNUSED_VARIABLE = YES;
				IPHONEOS_DEPLOYMENT_TARGET = 13.4;
				MTL_ENABLE_DEBUG_INFO = NO;
				MTL_FAST_MATH = YES;
				SDKROOT = iphoneos;
				SWIFT_COMPILATION_MODE = wholemodule;
				SWIFT_OPTIMIZATION_LEVEL = "-O";
				VALIDATE_PRODUCT = YES;
			};
			name = Release;
		};
		FDF9F217246AF30C002166D0 /* Debug */ = {
			isa = XCBuildConfiguration;
			buildSettings = {
				ASSETCATALOG_COMPILER_APPICON_NAME = AppIcon;
				CODE_SIGN_STYLE = Automatic;
				DEVELOPMENT_ASSET_PATHS = "\"BreathAnimation/Preview Content\"";
				DEVELOPMENT_TEAM = QQP6RH2SQ3;
				ENABLE_PREVIEWS = YES;
				INFOPLIST_FILE = BreathAnimation/Info.plist;
				LD_RUNPATH_SEARCH_PATHS = (
					"$(inherited)",
					"@executable_path/Frameworks",
				);
				PRODUCT_BUNDLE_IDENTIFIER = com.foxandowl.BreathAnimation;
				PRODUCT_NAME = "$(TARGET_NAME)";
				SWIFT_VERSION = 5.0;
				TARGETED_DEVICE_FAMILY = "1,2";
			};
			name = Debug;
		};
		FDF9F218246AF30C002166D0 /* Release */ = {
			isa = XCBuildConfiguration;
			buildSettings = {
				ASSETCATALOG_COMPILER_APPICON_NAME = AppIcon;
				CODE_SIGN_STYLE = Automatic;
				DEVELOPMENT_ASSET_PATHS = "\"BreathAnimation/Preview Content\"";
				DEVELOPMENT_TEAM = QQP6RH2SQ3;
				ENABLE_PREVIEWS = YES;
				INFOPLIST_FILE = BreathAnimation/Info.plist;
				LD_RUNPATH_SEARCH_PATHS = (
					"$(inherited)",
					"@executable_path/Frameworks",
				);
				PRODUCT_BUNDLE_IDENTIFIER = com.foxandowl.BreathAnimation;
				PRODUCT_NAME = "$(TARGET_NAME)";
				SWIFT_VERSION = 5.0;
				TARGETED_DEVICE_FAMILY = "1,2";
			};
			name = Release;
		};
/* End XCBuildConfiguration section */

/* Begin XCConfigurationList section */
		FDF9F1FD246AF30A002166D0 /* Build configuration list for PBXProject "BreathAnimation" */ = {
			isa = XCConfigurationList;
			buildConfigurations = (
				FDF9F214246AF30C002166D0 /* Debug */,
				FDF9F215246AF30C002166D0 /* Release */,
			);
			defaultConfigurationIsVisible = 0;
			defaultConfigurationName = Release;
		};
		FDF9F216246AF30C002166D0 /* Build configuration list for PBXNativeTarget "BreathAnimation" */ = {
			isa = XCConfigurationList;
			buildConfigurations = (
				FDF9F217246AF30C002166D0 /* Debug */,
				FDF9F218246AF30C002166D0 /* Release */,
			);
			defaultConfigurationIsVisible = 0;
			defaultConfigurationName = Release;
		};
/* End XCConfigurationList section */
	};
	rootObject = FDF9F1FA246AF30A002166D0 /* Project object */;
}
